// !$*UTF8*$!
{
	archiveVersion = 1;
	classes = {
	};
	objectVersion = 56;
	objects = {

/* Begin PBXBuildFile section */
		0EAC05D22AF09487009FCD30 /* wiroApp.swift in Sources */ = {isa = PBXBuildFile; fileRef = 0EAC05D12AF09487009FCD30 /* wiroApp.swift */; };
		0EAC05D42AF09487009FCD30 /* ContentView.swift in Sources */ = {isa = PBXBuildFile; fileRef = 0EAC05D32AF09487009FCD30 /* ContentView.swift */; };
		0EAC05D62AF09488009FCD30 /* Assets.xcassets in Resources */ = {isa = PBXBuildFile; fileRef = 0EAC05D52AF09488009FCD30 /* Assets.xcassets */; };
		0EAC05D92AF09488009FCD30 /* Preview Assets.xcassets in Resources */ = {isa = PBXBuildFile; fileRef = 0EAC05D82AF09488009FCD30 /* Preview Assets.xcassets */; };
		0EAC05E62AF094C9009FCD30 /* WidgetKit.framework in Frameworks */ = {isa = PBXBuildFile; fileRef = 0EAC05E52AF094C9009FCD30 /* WidgetKit.framework */; };
		0EAC05E82AF094C9009FCD30 /* SwiftUI.framework in Frameworks */ = {isa = PBXBuildFile; fileRef = 0EAC05E72AF094C9009FCD30 /* SwiftUI.framework */; };
		0EAC05EB2AF094C9009FCD30 /* wiroWidgetBundle.swift in Sources */ = {isa = PBXBuildFile; fileRef = 0EAC05EA2AF094C9009FCD30 /* wiroWidgetBundle.swift */; };
		0EAC05ED2AF094C9009FCD30 /* wiroWidgetLiveActivity.swift in Sources */ = {isa = PBXBuildFile; fileRef = 0EAC05EC2AF094C9009FCD30 /* wiroWidgetLiveActivity.swift */; };
		0EAC05EF2AF094C9009FCD30 /* wiroWidget.swift in Sources */ = {isa = PBXBuildFile; fileRef = 0EAC05EE2AF094C9009FCD30 /* wiroWidget.swift */; };
		0EAC05F12AF094C9009FCD30 /* AppIntent.swift in Sources */ = {isa = PBXBuildFile; fileRef = 0EAC05F02AF094C9009FCD30 /* AppIntent.swift */; };
		0EAC05F32AF094CB009FCD30 /* Assets.xcassets in Resources */ = {isa = PBXBuildFile; fileRef = 0EAC05F22AF094CB009FCD30 /* Assets.xcassets */; };
		0EAC05F72AF094CC009FCD30 /* wiroWidgetExtension.appex in Embed Foundation Extensions */ = {isa = PBXBuildFile; fileRef = 0EAC05E32AF094C9009FCD30 /* wiroWidgetExtension.appex */; settings = {ATTRIBUTES = (RemoveHeadersOnCopy, ); }; };
/* End PBXBuildFile section */

/* Begin PBXContainerItemProxy section */
		0EAC05F52AF094CC009FCD30 /* PBXContainerItemProxy */ = {
			isa = PBXContainerItemProxy;
			containerPortal = 0EAC05C62AF09487009FCD30 /* Project object */;
			proxyType = 1;
			remoteGlobalIDString = 0EAC05E22AF094C9009FCD30;
			remoteInfo = wiroWidgetExtension;
		};
/* End PBXContainerItemProxy section */

/* Begin PBXCopyFilesBuildPhase section */
		0EAC05FB2AF094CC009FCD30 /* Embed Foundation Extensions */ = {
			isa = PBXCopyFilesBuildPhase;
			buildActionMask = 2147483647;
			dstPath = "";
			dstSubfolderSpec = 13;
			files = (
				0EAC05F72AF094CC009FCD30 /* wiroWidgetExtension.appex in Embed Foundation Extensions */,
			);
			name = "Embed Foundation Extensions";
			runOnlyForDeploymentPostprocessing = 0;
		};
/* End PBXCopyFilesBuildPhase section */

/* Begin PBXFileReference section */
		0EAC05CE2AF09487009FCD30 /* wiro.app */ = {isa = PBXFileReference; explicitFileType = wrapper.application; includeInIndex = 0; path = wiro.app; sourceTree = BUILT_PRODUCTS_DIR; };
		0EAC05D12AF09487009FCD30 /* wiroApp.swift */ = {isa = PBXFileReference; lastKnownFileType = sourcecode.swift; path = wiroApp.swift; sourceTree = "<group>"; };
		0EAC05D32AF09487009FCD30 /* ContentView.swift */ = {isa = PBXFileReference; lastKnownFileType = sourcecode.swift; path = ContentView.swift; sourceTree = "<group>"; };
		0EAC05D52AF09488009FCD30 /* Assets.xcassets */ = {isa = PBXFileReference; lastKnownFileType = folder.assetcatalog; path = Assets.xcassets; sourceTree = "<group>"; };
		0EAC05D82AF09488009FCD30 /* Preview Assets.xcassets */ = {isa = PBXFileReference; lastKnownFileType = folder.assetcatalog; path = "Preview Assets.xcassets"; sourceTree = "<group>"; };
		0EAC05E32AF094C9009FCD30 /* wiroWidgetExtension.appex */ = {isa = PBXFileReference; explicitFileType = "wrapper.app-extension"; includeInIndex = 0; path = wiroWidgetExtension.appex; sourceTree = BUILT_PRODUCTS_DIR; };
		0EAC05E52AF094C9009FCD30 /* WidgetKit.framework */ = {isa = PBXFileReference; lastKnownFileType = wrapper.framework; name = WidgetKit.framework; path = System/Library/Frameworks/WidgetKit.framework; sourceTree = SDKROOT; };
		0EAC05E72AF094C9009FCD30 /* SwiftUI.framework */ = {isa = PBXFileReference; lastKnownFileType = wrapper.framework; name = SwiftUI.framework; path = System/Library/Frameworks/SwiftUI.framework; sourceTree = SDKROOT; };
		0EAC05EA2AF094C9009FCD30 /* wiroWidgetBundle.swift */ = {isa = PBXFileReference; lastKnownFileType = sourcecode.swift; path = wiroWidgetBundle.swift; sourceTree = "<group>"; };
		0EAC05EC2AF094C9009FCD30 /* wiroWidgetLiveActivity.swift */ = {isa = PBXFileReference; lastKnownFileType = sourcecode.swift; path = wiroWidgetLiveActivity.swift; sourceTree = "<group>"; };
		0EAC05EE2AF094C9009FCD30 /* wiroWidget.swift */ = {isa = PBXFileReference; lastKnownFileType = sourcecode.swift; path = wiroWidget.swift; sourceTree = "<group>"; };
		0EAC05F02AF094C9009FCD30 /* AppIntent.swift */ = {isa = PBXFileReference; lastKnownFileType = sourcecode.swift; path = AppIntent.swift; sourceTree = "<group>"; };
		0EAC05F22AF094CB009FCD30 /* Assets.xcassets */ = {isa = PBXFileReference; lastKnownFileType = folder.assetcatalog; path = Assets.xcassets; sourceTree = "<group>"; };
		0EAC05F42AF094CC009FCD30 /* Info.plist */ = {isa = PBXFileReference; lastKnownFileType = text.plist.xml; path = Info.plist; sourceTree = "<group>"; };
/* End PBXFileReference section */

/* Begin PBXFrameworksBuildPhase section */
		0EAC05CB2AF09487009FCD30 /* Frameworks */ = {
			isa = PBXFrameworksBuildPhase;
			buildActionMask = 2147483647;
			files = (
			);
			runOnlyForDeploymentPostprocessing = 0;
		};
		0EAC05E02AF094C9009FCD30 /* Frameworks */ = {
			isa = PBXFrameworksBuildPhase;
			buildActionMask = 2147483647;
			files = (
				0EAC05E82AF094C9009FCD30 /* SwiftUI.framework in Frameworks */,
				0EAC05E62AF094C9009FCD30 /* WidgetKit.framework in Frameworks */,
			);
			runOnlyForDeploymentPostprocessing = 0;
		};
/* End PBXFrameworksBuildPhase section */

/* Begin PBXGroup section */
		0EAC05C52AF09487009FCD30 = {
			isa = PBXGroup;
			children = (
				0EAC05D02AF09487009FCD30 /* wiro */,
				0EAC05E92AF094C9009FCD30 /* wiroWidget */,
				0EAC05E42AF094C9009FCD30 /* Frameworks */,
				0EAC05CF2AF09487009FCD30 /* Products */,
			);
			sourceTree = "<group>";
		};
		0EAC05CF2AF09487009FCD30 /* Products */ = {
			isa = PBXGroup;
			children = (
				0EAC05CE2AF09487009FCD30 /* wiro.app */,
				0EAC05E32AF094C9009FCD30 /* wiroWidgetExtension.appex */,
			);
			name = Products;
			sourceTree = "<group>";
		};
		0EAC05D02AF09487009FCD30 /* wiro */ = {
			isa = PBXGroup;
			children = (
				0EAC05D12AF09487009FCD30 /* wiroApp.swift */,
				0EAC05D32AF09487009FCD30 /* ContentView.swift */,
				0EAC05D52AF09488009FCD30 /* Assets.xcassets */,
				0EAC05D72AF09488009FCD30 /* Preview Content */,
			);
			path = wiro;
			sourceTree = "<group>";
		};
		0EAC05D72AF09488009FCD30 /* Preview Content */ = {
			isa = PBXGroup;
			children = (
				0EAC05D82AF09488009FCD30 /* Preview Assets.xcassets */,
			);
			path = "Preview Content";
			sourceTree = "<group>";
		};
		0EAC05E42AF094C9009FCD30 /* Frameworks */ = {
			isa = PBXGroup;
			children = (
				0EAC05E52AF094C9009FCD30 /* WidgetKit.framework */,
				0EAC05E72AF094C9009FCD30 /* SwiftUI.framework */,
			);
			name = Frameworks;
			sourceTree = "<group>";
		};
		0EAC05E92AF094C9009FCD30 /* wiroWidget */ = {
			isa = PBXGroup;
			children = (
				0EAC05EA2AF094C9009FCD30 /* wiroWidgetBundle.swift */,
				0EAC05EC2AF094C9009FCD30 /* wiroWidgetLiveActivity.swift */,
				0EAC05EE2AF094C9009FCD30 /* wiroWidget.swift */,
				0EAC05F02AF094C9009FCD30 /* AppIntent.swift */,
				0EAC05F22AF094CB009FCD30 /* Assets.xcassets */,
				0EAC05F42AF094CC009FCD30 /* Info.plist */,
			);
			path = wiroWidget;
			sourceTree = "<group>";
		};
/* End PBXGroup section */

/* Begin PBXNativeTarget section */
		0EAC05CD2AF09487009FCD30 /* wiro */ = {
			isa = PBXNativeTarget;
			buildConfigurationList = 0EAC05DC2AF09488009FCD30 /* Build configuration list for PBXNativeTarget "wiro" */;
			buildPhases = (
				0EAC05CA2AF09487009FCD30 /* Sources */,
				0EAC05CB2AF09487009FCD30 /* Frameworks */,
				0EAC05CC2AF09487009FCD30 /* Resources */,
				0EAC05FB2AF094CC009FCD30 /* Embed Foundation Extensions */,
			);
			buildRules = (
			);
			dependencies = (
				0EAC05F62AF094CC009FCD30 /* PBXTargetDependency */,
			);
			name = wiro;
			productName = wiro;
			productReference = 0EAC05CE2AF09487009FCD30 /* wiro.app */;
			productType = "com.apple.product-type.application";
		};
		0EAC05E22AF094C9009FCD30 /* wiroWidgetExtension */ = {
			isa = PBXNativeTarget;
			buildConfigurationList = 0EAC05F82AF094CC009FCD30 /* Build configuration list for PBXNativeTarget "wiroWidgetExtension" */;
			buildPhases = (
				0EAC05DF2AF094C9009FCD30 /* Sources */,
				0EAC05E02AF094C9009FCD30 /* Frameworks */,
				0EAC05E12AF094C9009FCD30 /* Resources */,
			);
			buildRules = (
			);
			dependencies = (
			);
			name = wiroWidgetExtension;
			productName = wiroWidgetExtension;
			productReference = 0EAC05E32AF094C9009FCD30 /* wiroWidgetExtension.appex */;
			productType = "com.apple.product-type.app-extension";
		};
/* End PBXNativeTarget section */

/* Begin PBXProject section */
		0EAC05C62AF09487009FCD30 /* Project object */ = {
			isa = PBXProject;
			attributes = {
				BuildIndependentTargetsInParallel = 1;
				LastSwiftUpdateCheck = 1500;
				LastUpgradeCheck = 1500;
				TargetAttributes = {
					0EAC05CD2AF09487009FCD30 = {
						CreatedOnToolsVersion = 15.0.1;
					};
					0EAC05E22AF094C9009FCD30 = {
						CreatedOnToolsVersion = 15.0.1;
					};
				};
			};
			buildConfigurationList = 0EAC05C92AF09487009FCD30 /* Build configuration list for PBXProject "wiro" */;
			compatibilityVersion = "Xcode 14.0";
			developmentRegion = en;
			hasScannedForEncodings = 0;
			knownRegions = (
				en,
				Base,
			);
			mainGroup = 0EAC05C52AF09487009FCD30;
			productRefGroup = 0EAC05CF2AF09487009FCD30 /* Products */;
			projectDirPath = "";
			projectRoot = "";
			targets = (
				0EAC05CD2AF09487009FCD30 /* wiro */,
				0EAC05E22AF094C9009FCD30 /* wiroWidgetExtension */,
			);
		};
/* End PBXProject section */

/* Begin PBXResourcesBuildPhase section */
		0EAC05CC2AF09487009FCD30 /* Resources */ = {
			isa = PBXResourcesBuildPhase;
			buildActionMask = 2147483647;
			files = (
				0EAC05D92AF09488009FCD30 /* Preview Assets.xcassets in Resources */,
				0EAC05D62AF09488009FCD30 /* Assets.xcassets in Resources */,
			);
			runOnlyForDeploymentPostprocessing = 0;
		};
		0EAC05E12AF094C9009FCD30 /* Resources */ = {
			isa = PBXResourcesBuildPhase;
			buildActionMask = 2147483647;
			files = (
				0EAC05F32AF094CB009FCD30 /* Assets.xcassets in Resources */,
			);
			runOnlyForDeploymentPostprocessing = 0;
		};
/* End PBXResourcesBuildPhase section */

/* Begin PBXSourcesBuildPhase section */
		0EAC05CA2AF09487009FCD30 /* Sources */ = {
			isa = PBXSourcesBuildPhase;
			buildActionMask = 2147483647;
			files = (
				0EAC05D42AF09487009FCD30 /* ContentView.swift in Sources */,
				0EAC05D22AF09487009FCD30 /* wiroApp.swift in Sources */,
			);
			runOnlyForDeploymentPostprocessing = 0;
		};
		0EAC05DF2AF094C9009FCD30 /* Sources */ = {
			isa = PBXSourcesBuildPhase;
			buildActionMask = 2147483647;
			files = (
				0EAC05EF2AF094C9009FCD30 /* wiroWidget.swift in Sources */,
				0EAC05F12AF094C9009FCD30 /* AppIntent.swift in Sources */,
				0EAC05EB2AF094C9009FCD30 /* wiroWidgetBundle.swift in Sources */,
				0EAC05ED2AF094C9009FCD30 /* wiroWidgetLiveActivity.swift in Sources */,
			);
			runOnlyForDeploymentPostprocessing = 0;
		};
/* End PBXSourcesBuildPhase section */

/* Begin PBXTargetDependency section */
		0EAC05F62AF094CC009FCD30 /* PBXTargetDependency */ = {
			isa = PBXTargetDependency;
			target = 0EAC05E22AF094C9009FCD30 /* wiroWidgetExtension */;
			targetProxy = 0EAC05F52AF094CC009FCD30 /* PBXContainerItemProxy */;
		};
/* End PBXTargetDependency section */

/* Begin XCBuildConfiguration section */
		0EAC05DA2AF09488009FCD30 /* Debug */ = {
			isa = XCBuildConfiguration;
			buildSettings = {
				ALWAYS_SEARCH_USER_PATHS = NO;
				ASSETCATALOG_COMPILER_GENERATE_SWIFT_ASSET_SYMBOL_EXTENSIONS = YES;
				CLANG_ANALYZER_NONNULL = YES;
				CLANG_ANALYZER_NUMBER_OBJECT_CONVERSION = YES_AGGRESSIVE;
				CLANG_CXX_LANGUAGE_STANDARD = "gnu++20";
				CLANG_ENABLE_MODULES = YES;
				CLANG_ENABLE_OBJC_ARC = YES;
				CLANG_ENABLE_OBJC_WEAK = YES;
				CLANG_WARN_BLOCK_CAPTURE_AUTORELEASING = YES;
				CLANG_WARN_BOOL_CONVERSION = YES;
				CLANG_WARN_COMMA = YES;
				CLANG_WARN_CONSTANT_CONVERSION = YES;
				CLANG_WARN_DEPRECATED_OBJC_IMPLEMENTATIONS = YES;
				CLANG_WARN_DIRECT_OBJC_ISA_USAGE = YES_ERROR;
				CLANG_WARN_DOCUMENTATION_COMMENTS = YES;
				CLANG_WARN_EMPTY_BODY = YES;
				CLANG_WARN_ENUM_CONVERSION = YES;
				CLANG_WARN_INFINITE_RECURSION = YES;
				CLANG_WARN_INT_CONVERSION = YES;
				CLANG_WARN_NON_LITERAL_NULL_CONVERSION = YES;
				CLANG_WARN_OBJC_IMPLICIT_RETAIN_SELF = YES;
				CLANG_WARN_OBJC_LITERAL_CONVERSION = YES;
				CLANG_WARN_OBJC_ROOT_CLASS = YES_ERROR;
				CLANG_WARN_QUOTED_INCLUDE_IN_FRAMEWORK_HEADER = YES;
				CLANG_WARN_RANGE_LOOP_ANALYSIS = YES;
				CLANG_WARN_STRICT_PROTOTYPES = YES;
				CLANG_WARN_SUSPICIOUS_MOVE = YES;
				CLANG_WARN_UNGUARDED_AVAILABILITY = YES_AGGRESSIVE;
				CLANG_WARN_UNREACHABLE_CODE = YES;
				CLANG_WARN__DUPLICATE_METHOD_MATCH = YES;
				COPY_PHASE_STRIP = NO;
				DEBUG_INFORMATION_FORMAT = dwarf;
				ENABLE_STRICT_OBJC_MSGSEND = YES;
				ENABLE_TESTABILITY = YES;
				ENABLE_USER_SCRIPT_SANDBOXING = YES;
				GCC_C_LANGUAGE_STANDARD = gnu17;
				GCC_DYNAMIC_NO_PIC = NO;
				GCC_NO_COMMON_BLOCKS = YES;
				GCC_OPTIMIZATION_LEVEL = 0;
				GCC_PREPROCESSOR_DEFINITIONS = (
					"DEBUG=1",
					"$(inherited)",
				);
				GCC_WARN_64_TO_32_BIT_CONVERSION = YES;
				GCC_WARN_ABOUT_RETURN_TYPE = YES_ERROR;
				GCC_WARN_UNDECLARED_SELECTOR = YES;
				GCC_WARN_UNINITIALIZED_AUTOS = YES_AGGRESSIVE;
				GCC_WARN_UNUSED_FUNCTION = YES;
				GCC_WARN_UNUSED_VARIABLE = YES;
				IPHONEOS_DEPLOYMENT_TARGET = 17.0;
				LOCALIZATION_PREFERS_STRING_CATALOGS = YES;
				MTL_ENABLE_DEBUG_INFO = INCLUDE_SOURCE;
				MTL_FAST_MATH = YES;
				ONLY_ACTIVE_ARCH = YES;
				SDKROOT = iphoneos;
				SWIFT_ACTIVE_COMPILATION_CONDITIONS = "DEBUG $(inherited)";
				SWIFT_OPTIMIZATION_LEVEL = "-Onone";
			};
			name = Debug;
		};
		0EAC05DB2AF09488009FCD30 /* Release */ = {
			isa = XCBuildConfiguration;
			buildSettings = {
				ALWAYS_SEARCH_USER_PATHS = NO;
				ASSETCATALOG_COMPILER_GENERATE_SWIFT_ASSET_SYMBOL_EXTENSIONS = YES;
				CLANG_ANALYZER_NONNULL = YES;
				CLANG_ANALYZER_NUMBER_OBJECT_CONVERSION = YES_AGGRESSIVE;
				CLANG_CXX_LANGUAGE_STANDARD = "gnu++20";
				CLANG_ENABLE_MODULES = YES;
				CLANG_ENABLE_OBJC_ARC = YES;
				CLANG_ENABLE_OBJC_WEAK = YES;
				CLANG_WARN_BLOCK_CAPTURE_AUTORELEASING = YES;
				CLANG_WARN_BOOL_CONVERSION = YES;
				CLANG_WARN_COMMA = YES;
				CLANG_WARN_CONSTANT_CONVERSION = YES;
				CLANG_WARN_DEPRECATED_OBJC_IMPLEMENTATIONS = YES;
				CLANG_WARN_DIRECT_OBJC_ISA_USAGE = YES_ERROR;
				CLANG_WARN_DOCUMENTATION_COMMENTS = YES;
				CLANG_WARN_EMPTY_BODY = YES;
				CLANG_WARN_ENUM_CONVERSION = YES;
				CLANG_WARN_INFINITE_RECURSION = YES;
				CLANG_WARN_INT_CONVERSION = YES;
				CLANG_WARN_NON_LITERAL_NULL_CONVERSION = YES;
				CLANG_WARN_OBJC_IMPLICIT_RETAIN_SELF = YES;
				CLANG_WARN_OBJC_LITERAL_CONVERSION = YES;
				CLANG_WARN_OBJC_ROOT_CLASS = YES_ERROR;
				CLANG_WARN_QUOTED_INCLUDE_IN_FRAMEWORK_HEADER = YES;
				CLANG_WARN_RANGE_LOOP_ANALYSIS = YES;
				CLANG_WARN_STRICT_PROTOTYPES = YES;
				CLANG_WARN_SUSPICIOUS_MOVE = YES;
				CLANG_WARN_UNGUARDED_AVAILABILITY = YES_AGGRESSIVE;
				CLANG_WARN_UNREACHABLE_CODE = YES;
				CLANG_WARN__DUPLICATE_METHOD_MATCH = YES;
				COPY_PHASE_STRIP = NO;
				DEBUG_INFORMATION_FORMAT = "dwarf-with-dsym";
				ENABLE_NS_ASSERTIONS = NO;
				ENABLE_STRICT_OBJC_MSGSEND = YES;
				ENABLE_USER_SCRIPT_SANDBOXING = YES;
				GCC_C_LANGUAGE_STANDARD = gnu17;
				GCC_NO_COMMON_BLOCKS = YES;
				GCC_WARN_64_TO_32_BIT_CONVERSION = YES;
				GCC_WARN_ABOUT_RETURN_TYPE = YES_ERROR;
				GCC_WARN_UNDECLARED_SELECTOR = YES;
				GCC_WARN_UNINITIALIZED_AUTOS = YES_AGGRESSIVE;
				GCC_WARN_UNUSED_FUNCTION = YES;
				GCC_WARN_UNUSED_VARIABLE = YES;
				IPHONEOS_DEPLOYMENT_TARGET = 17.0;
				LOCALIZATION_PREFERS_STRING_CATALOGS = YES;
				MTL_ENABLE_DEBUG_INFO = NO;
				MTL_FAST_MATH = YES;
				SDKROOT = iphoneos;
				SWIFT_COMPILATION_MODE = wholemodule;
				VALIDATE_PRODUCT = YES;
			};
			name = Release;
		};
		0EAC05DD2AF09488009FCD30 /* Debug */ = {
			isa = XCBuildConfiguration;
			buildSettings = {
				ALWAYS_EMBED_SWIFT_STANDARD_LIBRARIES = YES;
				ASSETCATALOG_COMPILER_APPICON_NAME = AppIcon;
				ASSETCATALOG_COMPILER_GLOBAL_ACCENT_COLOR_NAME = AccentColor;
				CODE_SIGN_STYLE = Automatic;
				CURRENT_PROJECT_VERSION = 1;
				DEVELOPMENT_ASSET_PATHS = "\"wiro/Preview Content\"";
				DEVELOPMENT_TEAM = 92YDTRVDUA;
				ENABLE_PREVIEWS = YES;
				GENERATE_INFOPLIST_FILE = YES;
				INFOPLIST_KEY_UIApplicationSceneManifest_Generation = YES;
				INFOPLIST_KEY_UIApplicationSupportsIndirectInputEvents = YES;
				INFOPLIST_KEY_UILaunchScreen_Generation = YES;
				INFOPLIST_KEY_UISupportedInterfaceOrientations_iPad = "UIInterfaceOrientationPortrait UIInterfaceOrientationPortraitUpsideDown UIInterfaceOrientationLandscapeLeft UIInterfaceOrientationLandscapeRight";
				INFOPLIST_KEY_UISupportedInterfaceOrientations_iPhone = "UIInterfaceOrientationPortrait UIInterfaceOrientationLandscapeLeft UIInterfaceOrientationLandscapeRight";
				LD_RUNPATH_SEARCH_PATHS = (
					"$(inherited)",
					"@executable_path/Frameworks",
				);
				MARKETING_VERSION = 1.0;
				PRODUCT_BUNDLE_IDENTIFIER = jjunhaa0211.wiro;
				PRODUCT_NAME = "$(TARGET_NAME)";
				SWIFT_EMIT_LOC_STRINGS = YES;
				SWIFT_VERSION = 5.0;
				TARGETED_DEVICE_FAMILY = "1,2";
			};
			name = Debug;
		};
		0EAC05DE2AF09488009FCD30 /* Release */ = {
			isa = XCBuildConfiguration;
			buildSettings = {
				ALWAYS_EMBED_SWIFT_STANDARD_LIBRARIES = YES;
				ASSETCATALOG_COMPILER_APPICON_NAME = AppIcon;
				ASSETCATALOG_COMPILER_GLOBAL_ACCENT_COLOR_NAME = AccentColor;
				CODE_SIGN_STYLE = Automatic;
				CURRENT_PROJECT_VERSION = 1;
				DEVELOPMENT_ASSET_PATHS = "\"wiro/Preview Content\"";
				DEVELOPMENT_TEAM = 92YDTRVDUA;
				ENABLE_PREVIEWS = YES;
				GENERATE_INFOPLIST_FILE = YES;
				INFOPLIST_KEY_UIApplicationSceneManifest_Generation = YES;
				INFOPLIST_KEY_UIApplicationSupportsIndirectInputEvents = YES;
				INFOPLIST_KEY_UILaunchScreen_Generation = YES;
				INFOPLIST_KEY_UISupportedInterfaceOrientations_iPad = "UIInterfaceOrientationPortrait UIInterfaceOrientationPortraitUpsideDown UIInterfaceOrientationLandscapeLeft UIInterfaceOrientationLandscapeRight";
				INFOPLIST_KEY_UISupportedInterfaceOrientations_iPhone = "UIInterfaceOrientationPortrait UIInterfaceOrientationLandscapeLeft UIInterfaceOrientationLandscapeRight";
				LD_RUNPATH_SEARCH_PATHS = (
					"$(inherited)",
					"@executable_path/Frameworks",
				);
				MARKETING_VERSION = 1.0;
				PRODUCT_BUNDLE_IDENTIFIER = jjunhaa0211.wiro;
				PRODUCT_NAME = "$(TARGET_NAME)";
				SWIFT_EMIT_LOC_STRINGS = YES;
				SWIFT_VERSION = 5.0;
				TARGETED_DEVICE_FAMILY = "1,2";
			};
			name = Release;
		};
		0EAC05F92AF094CC009FCD30 /* Debug */ = {
			isa = XCBuildConfiguration;
			buildSettings = {
				ASSETCATALOG_COMPILER_GLOBAL_ACCENT_COLOR_NAME = AccentColor;
				ASSETCATALOG_COMPILER_WIDGET_BACKGROUND_COLOR_NAME = WidgetBackground;
				CODE_SIGN_STYLE = Automatic;
				CURRENT_PROJECT_VERSION = 1;
				DEVELOPMENT_TEAM = 92YDTRVDUA;
				GENERATE_INFOPLIST_FILE = YES;
				INFOPLIST_FILE = wiroWidget/Info.plist;
				INFOPLIST_KEY_CFBundleDisplayName = wiroWidget;
				INFOPLIST_KEY_NSHumanReadableCopyright = "";
				LD_RUNPATH_SEARCH_PATHS = (
					"$(inherited)",
					"@executable_path/Frameworks",
					"@executable_path/../../Frameworks",
				);
				MARKETING_VERSION = 1.0;
				PRODUCT_BUNDLE_IDENTIFIER = jjunhaa0211.wiro.wiroWidget;
				PRODUCT_NAME = "$(TARGET_NAME)";
				SKIP_INSTALL = YES;
				SWIFT_EMIT_LOC_STRINGS = YES;
				SWIFT_VERSION = 5.0;
				TARGETED_DEVICE_FAMILY = "1,2";
			};
			name = Debug;
		};
		0EAC05FA2AF094CC009FCD30 /* Release */ = {
			isa = XCBuildConfiguration;
			buildSettings = {
				ASSETCATALOG_COMPILER_GLOBAL_ACCENT_COLOR_NAME = AccentColor;
				ASSETCATALOG_COMPILER_WIDGET_BACKGROUND_COLOR_NAME = WidgetBackground;
				CODE_SIGN_STYLE = Automatic;
				CURRENT_PROJECT_VERSION = 1;
				DEVELOPMENT_TEAM = 92YDTRVDUA;
				GENERATE_INFOPLIST_FILE = YES;
				INFOPLIST_FILE = wiroWidget/Info.plist;
				INFOPLIST_KEY_CFBundleDisplayName = wiroWidget;
				INFOPLIST_KEY_NSHumanReadableCopyright = "";
				LD_RUNPATH_SEARCH_PATHS = (
					"$(inherited)",
					"@executable_path/Frameworks",
					"@executable_path/../../Frameworks",
				);
				MARKETING_VERSION = 1.0;
				PRODUCT_BUNDLE_IDENTIFIER = jjunhaa0211.wiro.wiroWidget;
				PRODUCT_NAME = "$(TARGET_NAME)";
				SKIP_INSTALL = YES;
				SWIFT_EMIT_LOC_STRINGS = YES;
				SWIFT_VERSION = 5.0;
				TARGETED_DEVICE_FAMILY = "1,2";
			};
			name = Release;
		};
/* End XCBuildConfiguration section */

/* Begin XCConfigurationList section */
		0EAC05C92AF09487009FCD30 /* Build configuration list for PBXProject "wiro" */ = {
			isa = XCConfigurationList;
			buildConfigurations = (
				0EAC05DA2AF09488009FCD30 /* Debug */,
				0EAC05DB2AF09488009FCD30 /* Release */,
			);
			defaultConfigurationIsVisible = 0;
			defaultConfigurationName = Release;
		};
		0EAC05DC2AF09488009FCD30 /* Build configuration list for PBXNativeTarget "wiro" */ = {
			isa = XCConfigurationList;
			buildConfigurations = (
				0EAC05DD2AF09488009FCD30 /* Debug */,
				0EAC05DE2AF09488009FCD30 /* Release */,
			);
			defaultConfigurationIsVisible = 0;
			defaultConfigurationName = Release;
		};
		0EAC05F82AF094CC009FCD30 /* Build configuration list for PBXNativeTarget "wiroWidgetExtension" */ = {
			isa = XCConfigurationList;
			buildConfigurations = (
				0EAC05F92AF094CC009FCD30 /* Debug */,
				0EAC05FA2AF094CC009FCD30 /* Release */,
			);
			defaultConfigurationIsVisible = 0;
			defaultConfigurationName = Release;
		};
/* End XCConfigurationList section */
	};
	rootObject = 0EAC05C62AF09487009FCD30 /* Project object */;
}
